
Microsoft Visual Studio Solution File, Format Version 12.00
# Visual Studio 15
VisualStudioVersion = 15.0.28307.572
MinimumVisualStudioVersion = 10.0.40219.1
Project("{FAE04EC0-301F-11D3-BF4B-00C04F79EFBC}") = "EntidadFinanciera", "EntidadFinanciera\EntidadFinanciera.csproj", "{F6C1125A-6D41-47E1-B919-F433131FD542}"
EndProject
Project("{FAE04EC0-301F-11D3-BF4B-00C04F79EFBC}") = "PrestamosPersonales", "PrestamosPersonales\PrestamosPersonales.csproj", "{556546D6-309C-47B0-91C5-92AAC2E1F044}"
EndProject
Project("{FAE04EC0-301F-11D3-BF4B-00C04F79EFBC}") = "Test", "Test\Test.csproj", "{EE822EE9-13A9-451D-BADE-B5024CD722CC}"
EndProject
Global
	GlobalSection(SolutionConfigurationPlatforms) = preSolution
		Debug|Any CPU = Debug|Any CPU
		Release|Any CPU = Release|Any CPU
	EndGlobalSection
	GlobalSection(ProjectConfigurationPlatforms) = postSolution
		{F6C1125A-6D41-47E1-B919-F433131FD542}.Debug|Any CPU.ActiveCfg = Debug|Any CPU
		{F6C1125A-6D41-47E1-B919-F433131FD542}.Debug|Any CPU.Build.0 = Debug|Any CPU
		{F6C1125A-6D41-47E1-B919-F433131FD542}.Release|Any CPU.ActiveCfg = Release|Any CPU
		{F6C1125A-6D41-47E1-B919-F433131FD542}.Release|Any CPU.Build.0 = Release|Any CPU
		{556546D6-309C-47B0-91C5-92AAC2E1F044}.Debug|Any CPU.ActiveCfg = Debug|Any CPU
		{556546D6-309C-47B0-91C5-92AAC2E1F044}.Debug|Any CPU.Build.0 = Debug|Any CPU
		{556546D6-309C-47B0-91C5-92AAC2E1F044}.Release|Any CPU.ActiveCfg = Release|Any CPU
		{556546D6-309C-47B0-91C5-92AAC2E1F044}.Release|Any CPU.Build.0 = Release|Any CPU
		{EE822EE9-13A9-451D-BADE-B5024CD722CC}.Debug|Any CPU.ActiveCfg = Debug|Any CPU
		{EE822EE9-13A9-451D-BADE-B5024CD722CC}.Debug|Any CPU.Build.0 = Debug|Any CPU
		{EE822EE9-13A9-451D-BADE-B5024CD722CC}.Release|Any CPU.ActiveCfg = Release|Any CPU
		{EE822EE9-13A9-451D-BADE-B5024CD722CC}.Release|Any CPU.Build.0 = Release|Any CPU
	EndGlobalSection
	GlobalSection(SolutionProperties) = preSolution
		HideSolutionNode = FALSE
	EndGlobalSection
	GlobalSection(ExtensibilityGlobals) = postSolution
		SolutionGuid = {180D6185-B336-4DFC-AE41-D8C27BD8837A}
	EndGlobalSection
EndGlobal
