
Microsoft Visual Studio Solution File, Format Version 12.00
# Visual Studio 15
VisualStudioVersion = 15.0.28307.572
MinimumVisualStudioVersion = 10.0.40219.1
Project("{FAE04EC0-301F-11D3-BF4B-00C04F79EFBC}") = "ModeloParcial.Mascota.Entidades", "ClassLibrary1\ModeloParcial.Mascota.Entidades.csproj", "{B206711E-6763-49FA-9605-F69662ACBC5E}"
EndProject
Project("{FAE04EC0-301F-11D3-BF4B-00C04F79EFBC}") = "PrimerParcial.Test", "PrimerParcial.Test\PrimerParcial.Test.csproj", "{0A276880-990F-4512-92C6-71543AC95020}"
EndProject
Global
	GlobalSection(SolutionConfigurationPlatforms) = preSolution
		Debug|Any CPU = Debug|Any CPU
		Release|Any CPU = Release|Any CPU
	EndGlobalSection
	GlobalSection(ProjectConfigurationPlatforms) = postSolution
		{B206711E-6763-49FA-9605-F69662ACBC5E}.Debug|Any CPU.ActiveCfg = Debug|Any CPU
		{B206711E-6763-49FA-9605-F69662ACBC5E}.Debug|Any CPU.Build.0 = Debug|Any CPU
		{B206711E-6763-49FA-9605-F69662ACBC5E}.Release|Any CPU.ActiveCfg = Release|Any CPU
		{B206711E-6763-49FA-9605-F69662ACBC5E}.Release|Any CPU.Build.0 = Release|Any CPU
		{0A276880-990F-4512-92C6-71543AC95020}.Debug|Any CPU.ActiveCfg = Debug|Any CPU
		{0A276880-990F-4512-92C6-71543AC95020}.Debug|Any CPU.Build.0 = Debug|Any CPU
		{0A276880-990F-4512-92C6-71543AC95020}.Release|Any CPU.ActiveCfg = Release|Any CPU
		{0A276880-990F-4512-92C6-71543AC95020}.Release|Any CPU.Build.0 = Release|Any CPU
	EndGlobalSection
	GlobalSection(SolutionProperties) = preSolution
		HideSolutionNode = FALSE
	EndGlobalSection
	GlobalSection(ExtensibilityGlobals) = postSolution
		SolutionGuid = {37BE41F8-BF02-4838-869C-94F2CCF73286}
	EndGlobalSection
EndGlobal
