
Microsoft Visual Studio Solution File, Format Version 12.00
# Visual Studio 15
VisualStudioVersion = 15.0.27703.2047
MinimumVisualStudioVersion = 10.0.40219.1
Project("{FAE04EC0-301F-11D3-BF4B-00C04F79EFBC}") = "proyecto01", "proyecto01\proyecto01.csproj", "{6A8E272D-74AC-4091-BC27-F1EE954B8A1C}"
EndProject
Project("{FAE04EC0-301F-11D3-BF4B-00C04F79EFBC}") = "Ejercicio_01", "Ejercicio_01\Ejercicio_01.csproj", "{C4A91685-F166-4FC8-9A6C-FA2A9DBD294B}"
EndProject
Project("{FAE04EC0-301F-11D3-BF4B-00C04F79EFBC}") = "Ejercicio_02", "Ejercicio_02\Ejercicio_02.csproj", "{013C660C-7857-444E-9257-4BEBE1FCCA2F}"
EndProject
Project("{FAE04EC0-301F-11D3-BF4B-00C04F79EFBC}") = "Ejercicio_03", "Ejercicio_03\Ejercicio_03.csproj", "{9D41F94D-7C7D-4831-ACEC-DB82B7917790}"
EndProject
Project("{FAE04EC0-301F-11D3-BF4B-00C04F79EFBC}") = "Proyecto_02", "Proyecto_02\Proyecto_02.csproj", "{82DF3C7E-B91D-4DE7-881A-DF077C024F9D}"
EndProject
Project("{FAE04EC0-301F-11D3-BF4B-00C04F79EFBC}") = "Ejercicio_17", "Ejercicio_17\Ejercicio_17.csproj", "{D4606FBC-DC6D-47DB-8214-F2BEC240FD21}"
EndProject
Project("{FAE04EC0-301F-11D3-BF4B-00C04F79EFBC}") = "Libreria", "Libreria\Libreria.csproj", "{80669FDE-04B6-4ED0-A6E0-2FC3D72CEC2F}"
EndProject
Project("{FAE04EC0-301F-11D3-BF4B-00C04F79EFBC}") = "Clase04.Entidades", "Clase_04\Clase04.Entidades.csproj", "{09EFB8CA-E1AF-4E3D-948F-6410C927BF4A}"
EndProject
Project("{FAE04EC0-301F-11D3-BF4B-00C04F79EFBC}") = "Clase04.test", "Clase04.test\Clase04.test.csproj", "{18837B47-81EC-4D42-A3A2-B33F62B076B6}"
EndProject
Project("{FAE04EC0-301F-11D3-BF4B-00C04F79EFBC}") = "Clase04.WindowsForms", "Clase04.WindowsForms\Clase04.WindowsForms.csproj", "{43F8A00B-73EB-493A-B0F9-B2377652E265}"
EndProject
Project("{FAE04EC0-301F-11D3-BF4B-00C04F79EFBC}") = "Clase05.Entidades", "Clase05.Entidades\Clase05.Entidades.csproj", "{A7329A2D-44CF-46A2-BCA7-01F045C76C61}"
EndProject
Project("{FAE04EC0-301F-11D3-BF4B-00C04F79EFBC}") = "Clase_05.Test", "Clase_04.Test\Clase_05.Test.csproj", "{9D03DBE7-9C61-4A85-AE4D-7EEEE7B83A54}"
EndProject
Project("{FAE04EC0-301F-11D3-BF4B-00C04F79EFBC}") = "Clase10.Ejercicio_Herencia_Vehiculos.Entidades", "Clase10.Ejercicio_Herencia_Vehiculos.Entidades\Clase10.Ejercicio_Herencia_Vehiculos.Entidades.csproj", "{EB849FFE-CCC8-4581-8CA7-FFF440F9879C}"
EndProject
Project("{FAE04EC0-301F-11D3-BF4B-00C04F79EFBC}") = "Clase10.EjercicioHerenciaVehiculos.Test", "Clase10.EjercicioHerenciaVehiculos.Test\Clase10.EjercicioHerenciaVehiculos.Test.csproj", "{AFA73C42-B8B3-4286-A90D-A0A803BB24DC}"
EndProject
Global
	GlobalSection(SolutionConfigurationPlatforms) = preSolution
		Debug|Any CPU = Debug|Any CPU
		Release|Any CPU = Release|Any CPU
	EndGlobalSection
	GlobalSection(ProjectConfigurationPlatforms) = postSolution
		{6A8E272D-74AC-4091-BC27-F1EE954B8A1C}.Debug|Any CPU.ActiveCfg = Debug|Any CPU
		{6A8E272D-74AC-4091-BC27-F1EE954B8A1C}.Debug|Any CPU.Build.0 = Debug|Any CPU
		{6A8E272D-74AC-4091-BC27-F1EE954B8A1C}.Release|Any CPU.ActiveCfg = Release|Any CPU
		{6A8E272D-74AC-4091-BC27-F1EE954B8A1C}.Release|Any CPU.Build.0 = Release|Any CPU
		{C4A91685-F166-4FC8-9A6C-FA2A9DBD294B}.Debug|Any CPU.ActiveCfg = Debug|Any CPU
		{C4A91685-F166-4FC8-9A6C-FA2A9DBD294B}.Debug|Any CPU.Build.0 = Debug|Any CPU
		{C4A91685-F166-4FC8-9A6C-FA2A9DBD294B}.Release|Any CPU.ActiveCfg = Release|Any CPU
		{C4A91685-F166-4FC8-9A6C-FA2A9DBD294B}.Release|Any CPU.Build.0 = Release|Any CPU
		{013C660C-7857-444E-9257-4BEBE1FCCA2F}.Debug|Any CPU.ActiveCfg = Debug|Any CPU
		{013C660C-7857-444E-9257-4BEBE1FCCA2F}.Debug|Any CPU.Build.0 = Debug|Any CPU
		{013C660C-7857-444E-9257-4BEBE1FCCA2F}.Release|Any CPU.ActiveCfg = Release|Any CPU
		{013C660C-7857-444E-9257-4BEBE1FCCA2F}.Release|Any CPU.Build.0 = Release|Any CPU
		{9D41F94D-7C7D-4831-ACEC-DB82B7917790}.Debug|Any CPU.ActiveCfg = Debug|Any CPU
		{9D41F94D-7C7D-4831-ACEC-DB82B7917790}.Debug|Any CPU.Build.0 = Debug|Any CPU
		{9D41F94D-7C7D-4831-ACEC-DB82B7917790}.Release|Any CPU.ActiveCfg = Release|Any CPU
		{9D41F94D-7C7D-4831-ACEC-DB82B7917790}.Release|Any CPU.Build.0 = Release|Any CPU
		{82DF3C7E-B91D-4DE7-881A-DF077C024F9D}.Debug|Any CPU.ActiveCfg = Debug|Any CPU
		{82DF3C7E-B91D-4DE7-881A-DF077C024F9D}.Debug|Any CPU.Build.0 = Debug|Any CPU
		{82DF3C7E-B91D-4DE7-881A-DF077C024F9D}.Release|Any CPU.ActiveCfg = Release|Any CPU
		{82DF3C7E-B91D-4DE7-881A-DF077C024F9D}.Release|Any CPU.Build.0 = Release|Any CPU
		{D4606FBC-DC6D-47DB-8214-F2BEC240FD21}.Debug|Any CPU.ActiveCfg = Debug|Any CPU
		{D4606FBC-DC6D-47DB-8214-F2BEC240FD21}.Debug|Any CPU.Build.0 = Debug|Any CPU
		{D4606FBC-DC6D-47DB-8214-F2BEC240FD21}.Release|Any CPU.ActiveCfg = Release|Any CPU
		{D4606FBC-DC6D-47DB-8214-F2BEC240FD21}.Release|Any CPU.Build.0 = Release|Any CPU
		{80669FDE-04B6-4ED0-A6E0-2FC3D72CEC2F}.Debug|Any CPU.ActiveCfg = Debug|Any CPU
		{80669FDE-04B6-4ED0-A6E0-2FC3D72CEC2F}.Debug|Any CPU.Build.0 = Debug|Any CPU
		{80669FDE-04B6-4ED0-A6E0-2FC3D72CEC2F}.Release|Any CPU.ActiveCfg = Release|Any CPU
		{80669FDE-04B6-4ED0-A6E0-2FC3D72CEC2F}.Release|Any CPU.Build.0 = Release|Any CPU
		{09EFB8CA-E1AF-4E3D-948F-6410C927BF4A}.Debug|Any CPU.ActiveCfg = Debug|Any CPU
		{09EFB8CA-E1AF-4E3D-948F-6410C927BF4A}.Debug|Any CPU.Build.0 = Debug|Any CPU
		{09EFB8CA-E1AF-4E3D-948F-6410C927BF4A}.Release|Any CPU.ActiveCfg = Release|Any CPU
		{09EFB8CA-E1AF-4E3D-948F-6410C927BF4A}.Release|Any CPU.Build.0 = Release|Any CPU
		{18837B47-81EC-4D42-A3A2-B33F62B076B6}.Debug|Any CPU.ActiveCfg = Debug|Any CPU
		{18837B47-81EC-4D42-A3A2-B33F62B076B6}.Debug|Any CPU.Build.0 = Debug|Any CPU
		{18837B47-81EC-4D42-A3A2-B33F62B076B6}.Release|Any CPU.ActiveCfg = Release|Any CPU
		{18837B47-81EC-4D42-A3A2-B33F62B076B6}.Release|Any CPU.Build.0 = Release|Any CPU
		{43F8A00B-73EB-493A-B0F9-B2377652E265}.Debug|Any CPU.ActiveCfg = Debug|Any CPU
		{43F8A00B-73EB-493A-B0F9-B2377652E265}.Debug|Any CPU.Build.0 = Debug|Any CPU
		{43F8A00B-73EB-493A-B0F9-B2377652E265}.Release|Any CPU.ActiveCfg = Release|Any CPU
		{43F8A00B-73EB-493A-B0F9-B2377652E265}.Release|Any CPU.Build.0 = Release|Any CPU
		{A7329A2D-44CF-46A2-BCA7-01F045C76C61}.Debug|Any CPU.ActiveCfg = Debug|Any CPU
		{A7329A2D-44CF-46A2-BCA7-01F045C76C61}.Debug|Any CPU.Build.0 = Debug|Any CPU
		{A7329A2D-44CF-46A2-BCA7-01F045C76C61}.Release|Any CPU.ActiveCfg = Release|Any CPU
		{A7329A2D-44CF-46A2-BCA7-01F045C76C61}.Release|Any CPU.Build.0 = Release|Any CPU
		{9D03DBE7-9C61-4A85-AE4D-7EEEE7B83A54}.Debug|Any CPU.ActiveCfg = Debug|Any CPU
		{9D03DBE7-9C61-4A85-AE4D-7EEEE7B83A54}.Debug|Any CPU.Build.0 = Debug|Any CPU
		{9D03DBE7-9C61-4A85-AE4D-7EEEE7B83A54}.Release|Any CPU.ActiveCfg = Release|Any CPU
		{9D03DBE7-9C61-4A85-AE4D-7EEEE7B83A54}.Release|Any CPU.Build.0 = Release|Any CPU
		{EB849FFE-CCC8-4581-8CA7-FFF440F9879C}.Debug|Any CPU.ActiveCfg = Debug|Any CPU
		{EB849FFE-CCC8-4581-8CA7-FFF440F9879C}.Debug|Any CPU.Build.0 = Debug|Any CPU
		{EB849FFE-CCC8-4581-8CA7-FFF440F9879C}.Release|Any CPU.ActiveCfg = Release|Any CPU
		{EB849FFE-CCC8-4581-8CA7-FFF440F9879C}.Release|Any CPU.Build.0 = Release|Any CPU
		{AFA73C42-B8B3-4286-A90D-A0A803BB24DC}.Debug|Any CPU.ActiveCfg = Debug|Any CPU
		{AFA73C42-B8B3-4286-A90D-A0A803BB24DC}.Debug|Any CPU.Build.0 = Debug|Any CPU
		{AFA73C42-B8B3-4286-A90D-A0A803BB24DC}.Release|Any CPU.ActiveCfg = Release|Any CPU
		{AFA73C42-B8B3-4286-A90D-A0A803BB24DC}.Release|Any CPU.Build.0 = Release|Any CPU
	EndGlobalSection
	GlobalSection(SolutionProperties) = preSolution
		HideSolutionNode = FALSE
	EndGlobalSection
	GlobalSection(ExtensibilityGlobals) = postSolution
		SolutionGuid = {2C275E42-7F24-499C-B13B-60103CD1C85B}
	EndGlobalSection
EndGlobal
