
Microsoft Visual Studio Solution File, Format Version 12.00
# Visual Studio 15
VisualStudioVersion = 15.0.28307.572
MinimumVisualStudioVersion = 10.0.40219.1
Project("{FAE04EC0-301F-11D3-BF4B-00C04F79EFBC}") = "Entidades", "Entidades\Entidades.csproj", "{0F319AAF-4D1D-4865-AA35-2C02C74842FF}"
EndProject
Project("{FAE04EC0-301F-11D3-BF4B-00C04F79EFBC}") = "VistaForm", "VistaForm\VistaForm.csproj", "{B43A1526-1401-4A84-B459-4E30EB8FF226}"
EndProject
Project("{FAE04EC0-301F-11D3-BF4B-00C04F79EFBC}") = "VistaConsola", "VistaConsola\VistaConsola.csproj", "{6C914CF1-1280-4813-967F-2424128BF8CE}"
EndProject
Global
	GlobalSection(SolutionConfigurationPlatforms) = preSolution
		Debug|Any CPU = Debug|Any CPU
		Release|Any CPU = Release|Any CPU
	EndGlobalSection
	GlobalSection(ProjectConfigurationPlatforms) = postSolution
		{0F319AAF-4D1D-4865-AA35-2C02C74842FF}.Debug|Any CPU.ActiveCfg = Debug|Any CPU
		{0F319AAF-4D1D-4865-AA35-2C02C74842FF}.Debug|Any CPU.Build.0 = Debug|Any CPU
		{0F319AAF-4D1D-4865-AA35-2C02C74842FF}.Release|Any CPU.ActiveCfg = Release|Any CPU
		{0F319AAF-4D1D-4865-AA35-2C02C74842FF}.Release|Any CPU.Build.0 = Release|Any CPU
		{B43A1526-1401-4A84-B459-4E30EB8FF226}.Debug|Any CPU.ActiveCfg = Debug|Any CPU
		{B43A1526-1401-4A84-B459-4E30EB8FF226}.Debug|Any CPU.Build.0 = Debug|Any CPU
		{B43A1526-1401-4A84-B459-4E30EB8FF226}.Release|Any CPU.ActiveCfg = Release|Any CPU
		{B43A1526-1401-4A84-B459-4E30EB8FF226}.Release|Any CPU.Build.0 = Release|Any CPU
		{6C914CF1-1280-4813-967F-2424128BF8CE}.Debug|Any CPU.ActiveCfg = Debug|Any CPU
		{6C914CF1-1280-4813-967F-2424128BF8CE}.Debug|Any CPU.Build.0 = Debug|Any CPU
		{6C914CF1-1280-4813-967F-2424128BF8CE}.Release|Any CPU.ActiveCfg = Release|Any CPU
		{6C914CF1-1280-4813-967F-2424128BF8CE}.Release|Any CPU.Build.0 = Release|Any CPU
	EndGlobalSection
	GlobalSection(SolutionProperties) = preSolution
		HideSolutionNode = FALSE
	EndGlobalSection
	GlobalSection(ExtensibilityGlobals) = postSolution
		SolutionGuid = {EBA66DDB-4DE1-48CB-81A6-A5B2A4E71EEB}
	EndGlobalSection
EndGlobal
