
Microsoft Visual Studio Solution File, Format Version 12.00
# Visual Studio 15
VisualStudioVersion = 15.0.28307.572
MinimumVisualStudioVersion = 10.0.40219.1
Project("{FAE04EC0-301F-11D3-BF4B-00C04F79EFBC}") = "SegundoParcial", "SegundoParcial\SegundoParcial.csproj", "{35D45454-B3B0-4628-BEC0-729126AE8FDC}"
EndProject
Project("{FAE04EC0-301F-11D3-BF4B-00C04F79EFBC}") = "ENTIDADES.SP", "ENTIDADES.SP\ENTIDADES.SP.csproj", "{7A2213F9-B29A-48D8-876B-D8FD2D483A39}"
EndProject
Global
	GlobalSection(SolutionConfigurationPlatforms) = preSolution
		Debug|Any CPU = Debug|Any CPU
		Release|Any CPU = Release|Any CPU
	EndGlobalSection
	GlobalSection(ProjectConfigurationPlatforms) = postSolution
		{35D45454-B3B0-4628-BEC0-729126AE8FDC}.Debug|Any CPU.ActiveCfg = Debug|Any CPU
		{35D45454-B3B0-4628-BEC0-729126AE8FDC}.Debug|Any CPU.Build.0 = Debug|Any CPU
		{35D45454-B3B0-4628-BEC0-729126AE8FDC}.Release|Any CPU.ActiveCfg = Release|Any CPU
		{35D45454-B3B0-4628-BEC0-729126AE8FDC}.Release|Any CPU.Build.0 = Release|Any CPU
		{7A2213F9-B29A-48D8-876B-D8FD2D483A39}.Debug|Any CPU.ActiveCfg = Debug|Any CPU
		{7A2213F9-B29A-48D8-876B-D8FD2D483A39}.Debug|Any CPU.Build.0 = Debug|Any CPU
		{7A2213F9-B29A-48D8-876B-D8FD2D483A39}.Release|Any CPU.ActiveCfg = Release|Any CPU
		{7A2213F9-B29A-48D8-876B-D8FD2D483A39}.Release|Any CPU.Build.0 = Release|Any CPU
	EndGlobalSection
	GlobalSection(SolutionProperties) = preSolution
		HideSolutionNode = FALSE
	EndGlobalSection
	GlobalSection(ExtensibilityGlobals) = postSolution
		SolutionGuid = {3458420A-BB7E-4B92-AF3B-EAF672B98CF3}
	EndGlobalSection
EndGlobal
